lockfileVersion: '9.0'

settings:
  autoInstallPeers: true
  excludeLinksFromLockfile: false

importers:

  .:
    dependencies:
      react:
        specifier: ~19.1.0
        version: 18.3.1
      react-helmet-async:
        specifier: ^2.0.5
        version: 2.0.5(react@18.3.1)

packages:

  invariant@2.2.4:
    resolution: {integrity: sha512-phJfQVBuaJM5raOpJjSfkiD6BpbCE4Ns//LaXl6wGYtUBY83nWS6Rf9tXm2e8VaK60JEjYldbPif/A2B1C2gNA==}

  js-tokens@4.0.0:
    resolution: {integrity: sha512-RdJUflcE3cUzKiMqQgsCu06FPu9UdIJO0beYbPhHN4k6apgJtifcoCtT9bcxOpYBtpD2kCM6Sbzg4CausW/PKQ==}

  loose-envify@1.4.0:
    resolution: {integrity: sha512-lyuxPGr/Wfhrlem2CL/UcnUc1zcqKAImBDzukY7Y5F/yQiNdko6+fRLevlw1HgMySw7f611UIY408EtxRSoK3Q==}
    hasBin: true

  react-fast-compare@3.2.2:
    resolution: {integrity: sha512-nsO+KSNgo1SbJqJEYRE9ERzo7YtYbou/OqjSQKxV7jcKox7+usiUVZOAC+XnDOABXggQTno0Y1CpVnuWEc1boQ==}

  react-helmet-async@2.0.5:
    resolution: {integrity: sha512-rYUYHeus+i27MvFE+Jaa4WsyBKGkL6qVgbJvSBoX8mbsWoABJXdEO0bZyi0F6i+4f0NuIb8AvqPMj3iXFHkMwg==}
    peerDependencies:
      react: ^16.6.0 || ^17.0.0 || ^18.0.0

  react@18.3.1:
    resolution: {integrity: sha512-wS+hAgJShR0KhEvPJArfuPVN1+Hz1t0Y6n5jLrGQbkb4urgPE/0Rve+1kMB1v/oWgHgm4WIcV+i7F2pTVj+2iQ==}
    engines: {node: '>=0.10.0'}

  shallowequal@1.1.0:
    resolution: {integrity: sha512-y0m1JoUZSlPAjXVtPPW70aZWfIL/dSP7AFkRnniLCrK/8MDKog3TySTBmckD+RObVxH0v4Tox67+F14PdED2oQ==}

snapshots:

  invariant@2.2.4:
    dependencies:
      loose-envify: 1.4.0

  js-tokens@4.0.0: {}

  loose-envify@1.4.0:
    dependencies:
      js-tokens: 4.0.0

  react-fast-compare@3.2.2: {}

  react-helmet-async@2.0.5(react@18.3.1):
    dependencies:
      invariant: 2.2.4
      react: 18.3.1
      react-fast-compare: 3.2.2
      shallowequal: 1.1.0

  react@18.3.1:
    dependencies:
      loose-envify: 1.4.0

  shallowequal@1.1.0: {}
